--- 
dependencies: 
  ruby-debug: 
    group: 
    - :test
    version: ">= 0"
  data_objects: 
    group: 
    - :default
    version: ">= 0"
  tinder: 
    group: 
    - :default
    version: ">= 0"
  rake: 
    group: 
    - :test
    version: ">= 0"
  rspec: 
    group: 
    - :test
    version: ">= 2.0.0.beta.8"
  dm-core: 
    group: 
    - :default
    version: ">= 0"
  json: 
    group: 
    - :default
    version: ">= 0"
  dm-sqlite-adapter: 
    group: 
    - :default
    version: ">= 0"
  daemons: 
    group: 
    - :default
    version: ">= 0"
  chronic: 
    group: 
    - :default
    version: ">= 0"
  railsless-deploy: 
    group: 
    - :default
    version: ">= 0"
  i18n: 
    group: 
    - :default
    version: ">= 0"
  dm-migrations: 
    group: 
    - :default
    version: ">= 0"
  capistrano: 
    group: 
    - :default
    version: ">= 0"
  do_sqlite3: 
    group: 
    - :default
    version: ">= 0"
specs: 
- rake: 
    version: 0.8.7
- activesupport: 
    version: 3.0.3
- addressable: 
    version: 2.2.2
- highline: 
    version: 1.6.1
- net-ssh: 
    version: 2.0.23
- net-scp: 
    version: 1.0.4
- net-sftp: 
    version: 2.0.5
- net-ssh-gateway: 
    version: 1.0.1
- capistrano: 
    version: 2.5.19
- chronic: 
    version: 0.3.0
- columnize: 
    version: 0.3.2
- daemons: 
    version: 1.1.0
- data_objects: 
    version: 0.10.2
- diff-lcs: 
    version: 1.1.2
- extlib: 
    version: 0.9.15
- dm-core: 
    version: 1.0.2
- dm-do-adapter: 
    version: 1.0.2
- dm-migrations: 
    version: 1.0.2
- do_sqlite3: 
    version: 0.10.2
- dm-sqlite-adapter: 
    version: 1.0.2
- eventmachine: 
    version: 0.12.10
- multipart-post: 
    version: 1.0.1
- rack: 
    version: 1.2.1
- faraday: 
    version: 0.5.3
- i18n: 
    version: 0.4.2
- json: 
    version: 1.4.6
- linecache: 
    version: "0.43"
- mime-types: 
    version: "1.16"
- railsless-deploy: 
    version: 1.0.2
- roauth: 
    version: 0.0.3
- rspec-core: 
    version: 2.1.0
- rspec-expectations: 
    version: 2.1.0
- rspec-mocks: 
    version: 2.1.0
- rspec: 
    version: 2.1.0
- ruby-debug-base: 
    version: 0.10.4
- ruby-debug: 
    version: 0.10.4
- twitter-stream: 
    version: 0.1.10
- tinder: 
    version: 1.4.2
hash: a9ed533f09a3b82ed53f39f149313f96181408fc
sources: 
- Rubygems: 
    uri: http://gemcutter.org
