--- 
dependencies: 
  ruby-debug: 
    group: 
    - :test
    version: ">= 0"
  tinder: 
    group: 
    - :default
    version: ">= 0"
  data_objects: 
    group: 
    - :default
    version: ">= 0"
  rake: 
    group: 
    - :test
    version: ">= 0"
  rspec: 
    group: 
    - :test
    version: ">= 2.0.0.beta.8"
  dm-core: 
    group: 
    - :default
    version: = 0.10.2
  json: 
    group: 
    - :default
    version: ">= 0"
  railsless-deploy: 
    group: 
    - :default
    version: ">= 0"
  chronic: 
    group: 
    - :default
    version: = 0.2.3
  daemons: 
    group: 
    - :default
    version: ">= 0"
  do_sqlite3: 
    group: 
    - :default
    version: ">= 0"
  capistrano: 
    group: 
    - :default
    version: ">= 0"
specs: 
- rake: 
    version: 0.8.7
- activesupport: 
    version: 2.3.8
- addressable: 
    version: 2.1.2
- highline: 
    version: 1.5.2
- net-ssh: 
    version: 2.0.23
- net-scp: 
    version: 1.0.2
- net-sftp: 
    version: 2.0.4
- net-ssh-gateway: 
    version: 1.0.1
- capistrano: 
    version: 2.5.19
- json_pure: 
    version: 1.4.3
- rubyforge: 
    version: 2.0.4
- hoe: 
    version: 2.6.1
- chronic: 
    version: 0.2.3
- columnize: 
    version: 0.3.1
- crack: 
    version: 0.1.7
- daemons: 
    version: 1.1.0
- data_objects: 
    version: 0.10.2
- diff-lcs: 
    version: 1.1.2
- extlib: 
    version: 0.9.15
- dm-core: 
    version: 0.10.2
- do_sqlite3: 
    version: 0.10.2
- eventmachine: 
    version: 0.12.10
- httparty: 
    version: 0.6.0
- json: 
    version: 1.4.3
- linecache: 
    version: "0.43"
- mime-types: 
    version: "1.16"
- railsless-deploy: 
    version: 1.0.2
- rspec-core: 
    version: 2.0.0.beta.12
- rspec-expectations: 
    version: 2.0.0.beta.12
- rspec-mocks: 
    version: 2.0.0.beta.12
- rspec: 
    version: 2.0.0.beta.12
- ruby-debug-base: 
    version: 0.10.3
- ruby-debug: 
    version: 0.10.3
- twitter-stream: 
    version: 0.1.6
- tinder: 
    version: 1.4.0
    source: 0
hash: a2e45883f83281d0384d04068ecaa46d7ac595e2
sources: 
- Git: 
    uri: http://github.com/bgreenlee/tinder.git
    git: http://github.com/bgreenlee/tinder.git
    ref: 705091f6892c4023ef73585d69053a58bcf41de5
- Rubygems: 
    uri: http://gemcutter.org
